
Microsoft Visual Studio Solution File, Format Version 12.00
# Visual Studio Version 17
VisualStudioVersion = 17.9.34723.18
MinimumVisualStudioVersion = 10.0.40219.1
Project("{2150E333-8FDC-42A3-9474-1A3956D46DE8}") = "src", "src", "{7E6E683C-AE04-460C-9D33-75BD006680B7}"
EndProject
Project("{2150E333-8FDC-42A3-9474-1A3956D46DE8}") = "tests", "tests", "{E39E926E-24A5-47E6-A66D-4CC99010DEF9}"
EndProject
Project("{9A19103F-16F7-4668-BE54-9A1E7A4F7556}") = "NurseCounseling.API", "NurseCounseling.API\NurseCounseling.API.csproj", "{B1CC7628-6567-4F7B-BCC0-123F4C52180C}"
EndProject
Project("{9A19103F-16F7-4668-BE54-9A1E7A4F7556}") = "NurseCounseling.Tests", "NurseCounseling.Tests\NurseCounseling.Tests.csproj", "{578506AE-F593-4236-8C6E-D5B10E138C8D}"
EndProject
Global
	GlobalSection(SolutionConfigurationPlatforms) = preSolution
		Debug|Any CPU = Debug|Any CPU
		Release|Any CPU = Release|Any CPU
	EndGlobalSection
	GlobalSection(ProjectConfigurationPlatforms) = postSolution
		{B1CC7628-6567-4F7B-BCC0-123F4C52180C}.Debug|Any CPU.ActiveCfg = Debug|Any CPU
		{B1CC7628-6567-4F7B-BCC0-123F4C52180C}.Debug|Any CPU.Build.0 = Debug|Any CPU
		{B1CC7628-6567-4F7B-BCC0-123F4C52180C}.Release|Any CPU.ActiveCfg = Release|Any CPU
		{B1CC7628-6567-4F7B-BCC0-123F4C52180C}.Release|Any CPU.Build.0 = Release|Any CPU
		{578506AE-F593-4236-8C6E-D5B10E138C8D}.Debug|Any CPU.ActiveCfg = Debug|Any CPU
		{578506AE-F593-4236-8C6E-D5B10E138C8D}.Debug|Any CPU.Build.0 = Debug|Any CPU
		{578506AE-F593-4236-8C6E-D5B10E138C8D}.Release|Any CPU.ActiveCfg = Release|Any CPU
		{578506AE-F593-4236-8C6E-D5B10E138C8D}.Release|Any CPU.Build.0 = Release|Any CPU
	EndGlobalSection
	GlobalSection(SolutionProperties) = preSolution
		HideSolutionNode = FALSE
	EndGlobalSection
	GlobalSection(NestedProjects) = preSolution
		{B1CC7628-6567-4F7B-BCC0-123F4C52180C} = {7E6E683C-AE04-460C-9D33-75BD006680B7}
		{578506AE-F593-4236-8C6E-D5B10E138C8D} = {7E6E683C-AE04-460C-9D33-75BD006680B7}
	EndGlobalSection
	GlobalSection(ExtensibilityGlobals) = postSolution
		SolutionGuid = {10318160-7E1B-46BE-835C-D83F225041C5}
	EndGlobalSection
EndGlobal
